
Microsoft Visual Studio Solution File, Format Version 12.00
# Visual Studio Version 16
VisualStudioVersion = 16.0.31624.102
MinimumVisualStudioVersion = 10.0.40219.1
Project("{FAE04EC0-301F-11D3-BF4B-00C04F79EFBC}") = "InteractiveFiction", "InteractiveFiction\InteractiveFiction.csproj", "{E788F24E-53B8-4C1F-8F77-C4A0F86C7C7D}"
EndProject
Global
	GlobalSection(SolutionConfigurationPlatforms) = preSolution
		Debug|Any CPU = Debug|Any CPU
		Release|Any CPU = Release|Any CPU
	EndGlobalSection
	GlobalSection(ProjectConfigurationPlatforms) = postSolution
		{E788F24E-53B8-4C1F-8F77-C4A0F86C7C7D}.Debug|Any CPU.ActiveCfg = Debug|Any CPU
		{E788F24E-53B8-4C1F-8F77-C4A0F86C7C7D}.Debug|Any CPU.Build.0 = Debug|Any CPU
		{E788F24E-53B8-4C1F-8F77-C4A0F86C7C7D}.Release|Any CPU.ActiveCfg = Release|Any CPU
		{E788F24E-53B8-4C1F-8F77-C4A0F86C7C7D}.Release|Any CPU.Build.0 = Release|Any CPU
	EndGlobalSection
	GlobalSection(SolutionProperties) = preSolution
		HideSolutionNode = FALSE
	EndGlobalSection
	GlobalSection(ExtensibilityGlobals) = postSolution
		SolutionGuid = {57371EA1-F93B-4D67-9198-4E57725526E5}
	EndGlobalSection
EndGlobal
